
Microsoft Visual Studio Solution File, Format Version 12.00
# Visual Studio Version 16
VisualStudioVersion = 16.0.28803.156
MinimumVisualStudioVersion = 15.0.26124.0
Project("{9A19103F-16F7-4668-BE54-9A1E7A4F7556}") = "DarkId.Papyrus.Common", "src\DarkId.Papyrus.Common\DarkId.Papyrus.Common.csproj", "{D4134C88-73D6-4846-97D9-55E30B2DD939}"
EndProject
Project("{9A19103F-16F7-4668-BE54-9A1E7A4F7556}") = "DarkId.Papyrus.DebugAdapterProxy", "src\DarkId.Papyrus.DebugAdapterProxy\DarkId.Papyrus.DebugAdapterProxy.csproj", "{514FB66D-436F-4F0A-AC14-99B12238163A}"
EndProject
Project("{9A19103F-16F7-4668-BE54-9A1E7A4F7556}") = "DarkId.Papyrus.LanguageService", "src\DarkId.Papyrus.LanguageService\DarkId.Papyrus.LanguageService.csproj", "{43C61540-C485-4035-AB05-D960D5490523}"
EndProject
Project("{9A19103F-16F7-4668-BE54-9A1E7A4F7556}") = "DarkId.Papyrus.Server", "src\DarkId.Papyrus.Server\DarkId.Papyrus.Server.csproj", "{86768C07-1286-4DCC-8D53-00BE64DDBA9C}"
EndProject
Project("{9A19103F-16F7-4668-BE54-9A1E7A4F7556}") = "DarkId.Papyrus.Test", "src\DarkId.Papyrus.Test\DarkId.Papyrus.Test.csproj", "{76570941-F325-43FC-A849-3CC65782E795}"
EndProject
Project("{9A19103F-16F7-4668-BE54-9A1E7A4F7556}") = "DarkId.Papyrus.Server.Host", "src\DarkId.Papyrus.Server.Host\DarkId.Papyrus.Server.Host.csproj", "{375DEEF7-41C3-498A-B094-E8E21313E3E0}"
EndProject
Project("{2150E333-8FDC-42A3-9474-1A3956D46DE8}") = "Protocol Hosts", "Protocol Hosts", "{0246BCA9-FE77-41A9-B228-CFE96ACBE8D3}"
EndProject
Project("{2150E333-8FDC-42A3-9474-1A3956D46DE8}") = "Tests", "Tests", "{16DCC7B6-3388-4208-8513-6BF4DFB85626}"
EndProject
Global
	GlobalSection(SolutionConfigurationPlatforms) = preSolution
		Debug|Any CPU = Debug|Any CPU
		Release|Any CPU = Release|Any CPU
	EndGlobalSection
	GlobalSection(ProjectConfigurationPlatforms) = postSolution
		{D4134C88-73D6-4846-97D9-55E30B2DD939}.Debug|Any CPU.ActiveCfg = Debug|Any CPU
		{D4134C88-73D6-4846-97D9-55E30B2DD939}.Debug|Any CPU.Build.0 = Debug|Any CPU
		{D4134C88-73D6-4846-97D9-55E30B2DD939}.Release|Any CPU.ActiveCfg = Release|Any CPU
		{D4134C88-73D6-4846-97D9-55E30B2DD939}.Release|Any CPU.Build.0 = Release|Any CPU
		{514FB66D-436F-4F0A-AC14-99B12238163A}.Debug|Any CPU.ActiveCfg = Debug|Any CPU
		{514FB66D-436F-4F0A-AC14-99B12238163A}.Debug|Any CPU.Build.0 = Debug|Any CPU
		{514FB66D-436F-4F0A-AC14-99B12238163A}.Release|Any CPU.ActiveCfg = Release|Any CPU
		{514FB66D-436F-4F0A-AC14-99B12238163A}.Release|Any CPU.Build.0 = Release|Any CPU
		{43C61540-C485-4035-AB05-D960D5490523}.Debug|Any CPU.ActiveCfg = Debug|Any CPU
		{43C61540-C485-4035-AB05-D960D5490523}.Debug|Any CPU.Build.0 = Debug|Any CPU
		{43C61540-C485-4035-AB05-D960D5490523}.Release|Any CPU.ActiveCfg = Release|Any CPU
		{43C61540-C485-4035-AB05-D960D5490523}.Release|Any CPU.Build.0 = Release|Any CPU
		{86768C07-1286-4DCC-8D53-00BE64DDBA9C}.Debug|Any CPU.ActiveCfg = Debug|Any CPU
		{86768C07-1286-4DCC-8D53-00BE64DDBA9C}.Debug|Any CPU.Build.0 = Debug|Any CPU
		{86768C07-1286-4DCC-8D53-00BE64DDBA9C}.Release|Any CPU.ActiveCfg = Release|Any CPU
		{86768C07-1286-4DCC-8D53-00BE64DDBA9C}.Release|Any CPU.Build.0 = Release|Any CPU
		{76570941-F325-43FC-A849-3CC65782E795}.Debug|Any CPU.ActiveCfg = Debug|Any CPU
		{76570941-F325-43FC-A849-3CC65782E795}.Debug|Any CPU.Build.0 = Debug|Any CPU
		{76570941-F325-43FC-A849-3CC65782E795}.Release|Any CPU.ActiveCfg = Release|Any CPU
		{76570941-F325-43FC-A849-3CC65782E795}.Release|Any CPU.Build.0 = Release|Any CPU
		{375DEEF7-41C3-498A-B094-E8E21313E3E0}.Debug|Any CPU.ActiveCfg = Debug|Any CPU
		{375DEEF7-41C3-498A-B094-E8E21313E3E0}.Debug|Any CPU.Build.0 = Debug|Any CPU
		{375DEEF7-41C3-498A-B094-E8E21313E3E0}.Release|Any CPU.ActiveCfg = Release|Any CPU
		{375DEEF7-41C3-498A-B094-E8E21313E3E0}.Release|Any CPU.Build.0 = Release|Any CPU
	EndGlobalSection
	GlobalSection(SolutionProperties) = preSolution
		HideSolutionNode = FALSE
	EndGlobalSection
	GlobalSection(NestedProjects) = preSolution
		{514FB66D-436F-4F0A-AC14-99B12238163A} = {0246BCA9-FE77-41A9-B228-CFE96ACBE8D3}
		{76570941-F325-43FC-A849-3CC65782E795} = {16DCC7B6-3388-4208-8513-6BF4DFB85626}
		{375DEEF7-41C3-498A-B094-E8E21313E3E0} = {0246BCA9-FE77-41A9-B228-CFE96ACBE8D3}
	EndGlobalSection
	GlobalSection(ExtensibilityGlobals) = postSolution
		SolutionGuid = {F463939D-09F7-4C69-9379-87B29449255B}
	EndGlobalSection
EndGlobal
