
Microsoft Visual Studio Solution File, Format Version 12.00
# Visual Studio 15
VisualStudioVersion = 15.0.26124.0
MinimumVisualStudioVersion = 15.0.26124.0
Project("{9A19103F-16F7-4668-BE54-9A1E7A4F7556}") = "DarkId.Papyrus.Common", "src\DarkId.Papyrus.Common\DarkId.Papyrus.Common.csproj", "{C7F29D33-973E-463C-9DD5-56189FC4FCB8}"
EndProject
Project("{FAE04EC0-301F-11D3-BF4B-00C04F79EFBC}") = "DarkId.Papyrus.LanguageService.Fallout4", "src\DarkId.Papyrus.LanguageService\DarkId.Papyrus.LanguageService.Fallout4.csproj", "{15BF48CD-B699-42BD-9B54-E82817546A3C}"
EndProject
Project("{9A19103F-16F7-4668-BE54-9A1E7A4F7556}") = "DarkId.Papyrus.LanguageService.Skyrim", "src\DarkId.Papyrus.LanguageService\DarkId.Papyrus.LanguageService.Skyrim.csproj", "{DB54BDED-A0F1-42B5-98CC-1DC7FE77ACAF}"
EndProject
Project("{9A19103F-16F7-4668-BE54-9A1E7A4F7556}") = "DarkId.Papyrus.Server.Fallout4", "src\DarkId.Papyrus.Server\DarkId.Papyrus.Server.Fallout4.csproj", "{217A2759-6646-453D-B006-69A487DA18F4}"
EndProject
Project("{9A19103F-16F7-4668-BE54-9A1E7A4F7556}") = "DarkId.Papyrus.Server.Skyrim", "src\DarkId.Papyrus.Server\DarkId.Papyrus.Server.Skyrim.csproj", "{B300F4FC-EFC8-4F00-82A9-2F55067FBA2E}"
EndProject
Project("{9A19103F-16F7-4668-BE54-9A1E7A4F7556}") = "DarkId.Papyrus.Host.Fallout4", "src\DarkId.Papyrus.Host\DarkId.Papyrus.Host.Fallout4.csproj", "{3980BF5E-FF00-4909-AF38-79F70662A21D}"
EndProject
Project("{9A19103F-16F7-4668-BE54-9A1E7A4F7556}") = "DarkId.Papyrus.Host.Skyrim", "src\DarkId.Papyrus.Host\DarkId.Papyrus.Host.Skyrim.csproj", "{61985C49-9496-4337-B0E9-27733DEC6706}"
EndProject
Project("{2150E333-8FDC-42A3-9474-1A3956D46DE8}") = "Fallout 4", "Fallout 4", "{732D2ACB-843A-4915-85CD-A1B57D9C02D8}"
EndProject
Project("{2150E333-8FDC-42A3-9474-1A3956D46DE8}") = "Skyrim", "Skyrim", "{E00F11AE-AF06-40D4-86FB-ED96964385B6}"
EndProject
Project("{2150E333-8FDC-42A3-9474-1A3956D46DE8}") = "Shared", "Shared", "{F2E628FE-A14F-4904-B88A-87688BB06163}"
EndProject
Project("{2150E333-8FDC-42A3-9474-1A3956D46DE8}") = "Language Variants", "Language Variants", "{CB3E8314-4B8D-4B97-93DE-D4D3CCDB7753}"
EndProject
Project("{9A19103F-16F7-4668-BE54-9A1E7A4F7556}") = "DarkId.Papyrus.Test.Fallout4", "src\DarkId.Papyrus.Test\DarkId.Papyrus.Test.Fallout4.csproj", "{A726FFEA-1D21-46D5-8E93-CB0B51DE4E44}"
EndProject
Project("{9A19103F-16F7-4668-BE54-9A1E7A4F7556}") = "DarkId.Papyrus.Test.Skyrim", "src\DarkId.Papyrus.Test\DarkId.Papyrus.Test.Skyrim.csproj", "{DD1B8369-FFCA-4DF2-A62D-92168E4E4DEE}"
EndProject
Global
	GlobalSection(SolutionConfigurationPlatforms) = preSolution
		Debug|Any CPU = Debug|Any CPU
		Release|Any CPU = Release|Any CPU
	EndGlobalSection
	GlobalSection(ProjectConfigurationPlatforms) = postSolution
		{C7F29D33-973E-463C-9DD5-56189FC4FCB8}.Debug|Any CPU.ActiveCfg = Debug|Any CPU
		{C7F29D33-973E-463C-9DD5-56189FC4FCB8}.Debug|Any CPU.Build.0 = Debug|Any CPU
		{C7F29D33-973E-463C-9DD5-56189FC4FCB8}.Release|Any CPU.ActiveCfg = Release|Any CPU
		{C7F29D33-973E-463C-9DD5-56189FC4FCB8}.Release|Any CPU.Build.0 = Release|Any CPU
		{15BF48CD-B699-42BD-9B54-E82817546A3C}.Debug|Any CPU.ActiveCfg = Debug|Any CPU
		{15BF48CD-B699-42BD-9B54-E82817546A3C}.Debug|Any CPU.Build.0 = Debug|Any CPU
		{15BF48CD-B699-42BD-9B54-E82817546A3C}.Release|Any CPU.ActiveCfg = Release|Any CPU
		{15BF48CD-B699-42BD-9B54-E82817546A3C}.Release|Any CPU.Build.0 = Release|Any CPU
		{DB54BDED-A0F1-42B5-98CC-1DC7FE77ACAF}.Debug|Any CPU.ActiveCfg = Debug|Any CPU
		{DB54BDED-A0F1-42B5-98CC-1DC7FE77ACAF}.Debug|Any CPU.Build.0 = Debug|Any CPU
		{DB54BDED-A0F1-42B5-98CC-1DC7FE77ACAF}.Release|Any CPU.ActiveCfg = Release|Any CPU
		{DB54BDED-A0F1-42B5-98CC-1DC7FE77ACAF}.Release|Any CPU.Build.0 = Release|Any CPU
		{217A2759-6646-453D-B006-69A487DA18F4}.Debug|Any CPU.ActiveCfg = Debug|Any CPU
		{217A2759-6646-453D-B006-69A487DA18F4}.Debug|Any CPU.Build.0 = Debug|Any CPU
		{217A2759-6646-453D-B006-69A487DA18F4}.Release|Any CPU.ActiveCfg = Release|Any CPU
		{217A2759-6646-453D-B006-69A487DA18F4}.Release|Any CPU.Build.0 = Release|Any CPU
		{B300F4FC-EFC8-4F00-82A9-2F55067FBA2E}.Debug|Any CPU.ActiveCfg = Debug|Any CPU
		{B300F4FC-EFC8-4F00-82A9-2F55067FBA2E}.Debug|Any CPU.Build.0 = Debug|Any CPU
		{B300F4FC-EFC8-4F00-82A9-2F55067FBA2E}.Release|Any CPU.ActiveCfg = Release|Any CPU
		{B300F4FC-EFC8-4F00-82A9-2F55067FBA2E}.Release|Any CPU.Build.0 = Release|Any CPU
		{3980BF5E-FF00-4909-AF38-79F70662A21D}.Debug|Any CPU.ActiveCfg = Debug|Any CPU
		{3980BF5E-FF00-4909-AF38-79F70662A21D}.Debug|Any CPU.Build.0 = Debug|Any CPU
		{3980BF5E-FF00-4909-AF38-79F70662A21D}.Release|Any CPU.ActiveCfg = Release|Any CPU
		{3980BF5E-FF00-4909-AF38-79F70662A21D}.Release|Any CPU.Build.0 = Release|Any CPU
		{61985C49-9496-4337-B0E9-27733DEC6706}.Debug|Any CPU.ActiveCfg = Debug|Any CPU
		{61985C49-9496-4337-B0E9-27733DEC6706}.Debug|Any CPU.Build.0 = Debug|Any CPU
		{61985C49-9496-4337-B0E9-27733DEC6706}.Release|Any CPU.ActiveCfg = Release|Any CPU
		{61985C49-9496-4337-B0E9-27733DEC6706}.Release|Any CPU.Build.0 = Release|Any CPU
		{A726FFEA-1D21-46D5-8E93-CB0B51DE4E44}.Debug|Any CPU.ActiveCfg = Debug|Any CPU
		{A726FFEA-1D21-46D5-8E93-CB0B51DE4E44}.Debug|Any CPU.Build.0 = Debug|Any CPU
		{A726FFEA-1D21-46D5-8E93-CB0B51DE4E44}.Release|Any CPU.ActiveCfg = Release|Any CPU
		{A726FFEA-1D21-46D5-8E93-CB0B51DE4E44}.Release|Any CPU.Build.0 = Release|Any CPU
		{DD1B8369-FFCA-4DF2-A62D-92168E4E4DEE}.Debug|Any CPU.ActiveCfg = Debug|Any CPU
		{DD1B8369-FFCA-4DF2-A62D-92168E4E4DEE}.Debug|Any CPU.Build.0 = Debug|Any CPU
		{DD1B8369-FFCA-4DF2-A62D-92168E4E4DEE}.Release|Any CPU.ActiveCfg = Release|Any CPU
		{DD1B8369-FFCA-4DF2-A62D-92168E4E4DEE}.Release|Any CPU.Build.0 = Release|Any CPU
	EndGlobalSection
	GlobalSection(SolutionProperties) = preSolution
		HideSolutionNode = FALSE
	EndGlobalSection
	GlobalSection(NestedProjects) = preSolution
		{C7F29D33-973E-463C-9DD5-56189FC4FCB8} = {F2E628FE-A14F-4904-B88A-87688BB06163}
		{15BF48CD-B699-42BD-9B54-E82817546A3C} = {732D2ACB-843A-4915-85CD-A1B57D9C02D8}
		{DB54BDED-A0F1-42B5-98CC-1DC7FE77ACAF} = {E00F11AE-AF06-40D4-86FB-ED96964385B6}
		{217A2759-6646-453D-B006-69A487DA18F4} = {732D2ACB-843A-4915-85CD-A1B57D9C02D8}
		{B300F4FC-EFC8-4F00-82A9-2F55067FBA2E} = {E00F11AE-AF06-40D4-86FB-ED96964385B6}
		{3980BF5E-FF00-4909-AF38-79F70662A21D} = {732D2ACB-843A-4915-85CD-A1B57D9C02D8}
		{61985C49-9496-4337-B0E9-27733DEC6706} = {E00F11AE-AF06-40D4-86FB-ED96964385B6}
		{732D2ACB-843A-4915-85CD-A1B57D9C02D8} = {CB3E8314-4B8D-4B97-93DE-D4D3CCDB7753}
		{E00F11AE-AF06-40D4-86FB-ED96964385B6} = {CB3E8314-4B8D-4B97-93DE-D4D3CCDB7753}
		{A726FFEA-1D21-46D5-8E93-CB0B51DE4E44} = {732D2ACB-843A-4915-85CD-A1B57D9C02D8}
		{DD1B8369-FFCA-4DF2-A62D-92168E4E4DEE} = {E00F11AE-AF06-40D4-86FB-ED96964385B6}
	EndGlobalSection
	GlobalSection(ExtensibilityGlobals) = postSolution
		SolutionGuid = {F463939D-09F7-4C69-9379-87B29449255B}
	EndGlobalSection
EndGlobal
