{
  "version": 1,
  "dependencies": {
    ".NETFramework,Version=v4.6.1": {
      "CommandLineParser": {
        "type": "Direct",
        "requested": "[2.3.0, )",
        "resolved": "2.3.0",
        "contentHash": "6+1jEX68n//oePpqTzxx9cjM3/yPZXqi6F/tTb31wP3qVe5CpTpO/XOc4wBRgT36bHkCPl49DxyRmyniguutsw==",
        "dependencies": {
          "System.Collections": "4.0.11-rc2-24027",
          "System.Console": "4.0.0-rc2-24027",
          "System.Diagnostics.Debug": "4.0.11-rc2-24027",
          "System.Globalization": "4.0.11-rc2-24027",
          "System.IO": "4.1.0-rc2-24027",
          "System.Linq": "4.1.0-rc2-24027",
          "System.Linq.Expressions": "4.0.11-rc2-24027",
          "System.Reflection": "4.1.0-rc2-24027",
          "System.Reflection.Extensions": "4.0.1-rc2-24027",
          "System.Reflection.TypeExtensions": "4.1.0-rc2-24027",
          "System.Resources.ResourceManager": "4.0.1-rc2-24027",
          "System.Runtime": "4.1.0-rc2-24027",
          "System.Runtime.Extensions": "4.1.0-rc2-24027"
        }
      },
      "Microsoft.Extensions.DependencyInjection": {
        "type": "Direct",
        "requested": "[2.2.0, )",
        "resolved": "2.2.0",
        "contentHash": "MZtBIwfDFork5vfjpJdG5g8wuJFt7d/y3LOSVVtDK/76wlbtz6cjltfKHqLx2TKVqTj5/c41t77m1+h20zqtPA==",
        "dependencies": {
          "Microsoft.Extensions.DependencyInjection.Abstractions": "2.2.0"
        }
      },
      "Microsoft.Extensions.DependencyInjection.Abstractions": {
        "type": "Direct",
        "requested": "[2.2.0, )",
        "resolved": "2.2.0",
        "contentHash": "f9hstgjVmr6rmrfGSpfsVOl2irKAgr1QjrSi3FgnS7kulxband50f2brRLwySAQTADPZeTdow0mpSMcoAdadCw=="
      },
      "Microsoft.Extensions.Logging.Debug": {
        "type": "Direct",
        "requested": "[2.2.0, )",
        "resolved": "2.2.0",
        "contentHash": "JjqWtshxUujSnxslFccCRAaH8uFOciqXkYdRw+h5MwpC4sUc+ju9yZzvVi6PA5vW09ckv26EkasEvXrofGiaJg==",
        "dependencies": {
          "Microsoft.Extensions.Logging": "2.2.0"
        }
      },
      "Microsoft.NETFramework.ReferenceAssemblies": {
        "type": "Direct",
        "requested": "[1.0.2, )",
        "resolved": "1.0.2",
        "contentHash": "5/cSEVld+px/CuRrbohO/djfg6++eR6zGpy88MgqloXvkj//WXWpFZyu/OpkXPN0u5m+dN/EVwLNYFUxD4h2+A==",
        "dependencies": {
          "Microsoft.NETFramework.ReferenceAssemblies.net461": "1.0.2"
        }
      },
      "Lib.Harmony": {
        "type": "Transitive",
        "resolved": "1.2.0.1",
        "contentHash": "UwBpaXvFMnZYN6X52QEnU7Domj2QMOGIxYQO4jqNUYAkEKgD3c9dJv+KYVlHKNI2BePFYjnIhmkVCv5+2cOFnA=="
      },
      "Microsoft.Extensions.Configuration": {
        "type": "Transitive",
        "resolved": "2.2.0",
        "contentHash": "nOP8R1mVb/6mZtm2qgAJXn/LFm/2kMjHDAg/QJLFG6CuWYJtaD3p1BwQhufBVvRzL9ceJ/xF0SQ0qsI2GkDQAA==",
        "dependencies": {
          "Microsoft.Extensions.Configuration.Abstractions": "2.2.0"
        }
      },
      "Microsoft.Extensions.Configuration.Abstractions": {
        "type": "Transitive",
        "resolved": "2.2.0",
        "contentHash": "65MrmXCziWaQFrI0UHkQbesrX5wTwf9XPjY5yFm/VkgJKFJ5gqvXRoXjIZcf2wLi5ZlwGz/oMYfyURVCWbM5iw==",
        "dependencies": {
          "Microsoft.Extensions.Primitives": "2.2.0"
        }
      },
      "Microsoft.Extensions.Configuration.Binder": {
        "type": "Transitive",
        "resolved": "2.2.0",
        "contentHash": "vJ9xvOZCnUAIHcGC3SU35r3HKmHTVIeHzo6u/qzlHAqD8m6xv92MLin4oJntTvkpKxVX3vI1GFFkIQtU3AdlsQ==",
        "dependencies": {
          "Microsoft.Extensions.Configuration": "2.2.0"
        }
      },
      "Microsoft.Extensions.Configuration.FileExtensions": {
        "type": "Transitive",
        "resolved": "2.2.0",
        "contentHash": "H1qCpWBC8Ed4tguTR/qYkbb3F6DI5Su3t8xyFo3/5MzAd8PwPpHzgX8X04KbBxKmk173Pb64x7xMHarczVFQUA==",
        "dependencies": {
          "Microsoft.Extensions.Configuration": "2.2.0",
          "Microsoft.Extensions.FileProviders.Physical": "2.2.0"
        }
      },
      "Microsoft.Extensions.Configuration.Ini": {
        "type": "Transitive",
        "resolved": "2.2.0",
        "contentHash": "uEDasBxY7m0GJseqHD8QhfiznxDMhxN9YE3j01Es6eks42rRm3yL8ZMbRxuEjyKqGZqjjt+Vr297/nKcg0eOow==",
        "dependencies": {
          "Microsoft.Extensions.Configuration": "2.2.0",
          "Microsoft.Extensions.Configuration.FileExtensions": "2.2.0"
        }
      },
      "Microsoft.Extensions.FileProviders.Abstractions": {
        "type": "Transitive",
        "resolved": "2.2.0",
        "contentHash": "EcnaSsPTqx2MGnHrmWOD0ugbuuqVT8iICqSqPzi45V5/MA1LjUNb0kwgcxBGqizV1R+WeBK7/Gw25Jzkyk9bIw==",
        "dependencies": {
          "Microsoft.Extensions.Primitives": "2.2.0"
        }
      },
      "Microsoft.Extensions.FileProviders.Physical": {
        "type": "Transitive",
        "resolved": "2.2.0",
        "contentHash": "tbDHZnBJkjYd9NjlRZ9ondDiv1Te3KYCTW2RWpR1B0e1Z8+EnFRo7qNnHkkSCixLdlPZzhjlX24d/PixQ7w2dA==",
        "dependencies": {
          "Microsoft.Extensions.FileProviders.Abstractions": "2.2.0",
          "Microsoft.Extensions.FileSystemGlobbing": "2.2.0"
        }
      },
      "Microsoft.Extensions.FileSystemGlobbing": {
        "type": "Transitive",
        "resolved": "2.2.0",
        "contentHash": "ZSsHZp3PyW6vk37tDEdypjgGlNtpJ0EixBMOfUod2Thx7GtwfFSAQXUQx8a8BN8vfWKGGMbp7jPWdoHx/At4wQ=="
      },
      "Microsoft.Extensions.Logging": {
        "type": "Transitive",
        "resolved": "2.2.0",
        "contentHash": "Nxqhadc9FCmFHzU+fz3oc8sFlE6IadViYg8dfUdGzJZ2JUxnCsRghBhhOWdM4B2zSZqEc+0BjliBh/oNdRZuig==",
        "dependencies": {
          "Microsoft.Extensions.Configuration.Binder": "2.2.0",
          "Microsoft.Extensions.DependencyInjection.Abstractions": "2.2.0",
          "Microsoft.Extensions.Logging.Abstractions": "2.2.0",
          "Microsoft.Extensions.Options": "2.2.0"
        }
      },
      "Microsoft.Extensions.Logging.Abstractions": {
        "type": "Transitive",
        "resolved": "2.2.0",
        "contentHash": "B2WqEox8o+4KUOpL7rZPyh6qYjik8tHi2tN8Z9jZkHzED8ElYgZa/h6K+xliB435SqUcWT290Fr2aa8BtZjn8A=="
      },
      "Microsoft.Extensions.Options": {
        "type": "Transitive",
        "resolved": "2.2.0",
        "contentHash": "UpZLNLBpIZ0GTebShui7xXYh6DmBHjWM8NxGxZbdQh/bPZ5e6YswqI+bru6BnEL5eWiOdodsXtEz3FROcgi/qg==",
        "dependencies": {
          "Microsoft.Extensions.DependencyInjection.Abstractions": "2.2.0",
          "Microsoft.Extensions.Primitives": "2.2.0",
          "System.ComponentModel.Annotations": "4.5.0"
        }
      },
      "Microsoft.Extensions.Options.ConfigurationExtensions": {
        "type": "Transitive",
        "resolved": "2.2.0",
        "contentHash": "d4WS6yVXaw43ffiUnHj8oG1t2B6RbDDiQcgdA+Eq//NlPa3Wd+GTJFKj4OM4eDF3GjVumGr/CEVRS/jcYoF5LA==",
        "dependencies": {
          "Microsoft.Extensions.Configuration.Abstractions": "2.2.0",
          "Microsoft.Extensions.Configuration.Binder": "2.2.0",
          "Microsoft.Extensions.DependencyInjection.Abstractions": "2.2.0",
          "Microsoft.Extensions.Options": "2.2.0"
        }
      },
      "Microsoft.Extensions.Primitives": {
        "type": "Transitive",
        "resolved": "2.2.0",
        "contentHash": "azyQtqbm4fSaDzZHD/J+V6oWMFaf2tWP4WEGIYePLCMw3+b2RQdj9ybgbQyjCshcitQKQ4lEDOZjmSlTTrHxUg==",
        "dependencies": {
          "System.Memory": "4.5.1",
          "System.Runtime.CompilerServices.Unsafe": "4.5.1"
        }
      },
      "Microsoft.NETFramework.ReferenceAssemblies.net461": {
        "type": "Transitive",
        "resolved": "1.0.2",
        "contentHash": "8shzGaD5pZi4npuJYCM3de6pl0zlefcbyTIvXIiCdsTqauZ7lAhdaJVtJSqlhYid9VosFAOygBykoJ1SEOlGWA=="
      },
      "Newtonsoft.Json": {
        "type": "Transitive",
        "resolved": "11.0.2",
        "contentHash": "IvJe1pj7JHEsP8B8J8DwlMEx8UInrs/x+9oVY+oCD13jpLu4JbJU2WCIsMRn5C4yW9+DgkaO8uiVE5VHKjpmdQ=="
      },
      "OmniSharp.Extensions.JsonRpc": {
        "type": "Transitive",
        "resolved": "0.10.0",
        "contentHash": "hA+E+YIbbzGSJJTZUeLSbdfLqGQke5XFGQeaOJ39klx6IWAt4uGjYQn7A15LSIyEA8sokNlHjZn9LPkDwfnjvA==",
        "dependencies": {
          "Microsoft.Extensions.DependencyInjection": "2.0.0",
          "Microsoft.Extensions.DependencyInjection.Abstractions": "2.0.0",
          "Microsoft.Extensions.Logging": "2.0.0",
          "Microsoft.Extensions.Logging.Abstractions": "2.0.0",
          "Newtonsoft.Json": "11.0.2",
          "System.Reactive": "4.0.0"
        }
      },
      "OmniSharp.Extensions.LanguageProtocol": {
        "type": "Transitive",
        "resolved": "0.10.0",
        "contentHash": "IguIfa2GNJsRQoDvxsjWOxu1+UWHmGxCqV3x/xCI2h0+BSEmBUsUQBhOYb21FCmC0U+coN4Xmcrtr077T+QrLg==",
        "dependencies": {
          "OmniSharp.Extensions.JsonRpc": "0.10.0"
        }
      },
      "OmniSharp.Extensions.LanguageServer": {
        "type": "Transitive",
        "resolved": "0.10.0",
        "contentHash": "n86kw2VZf8jEo0bn+FqH5yaS1Tzkpi59DCeg1fVErRGjO+Jfgvp0y8QFrdf8y3TGWTywusWAFpZKXymv2M5UJQ==",
        "dependencies": {
          "OmniSharp.Extensions.JsonRpc": "0.10.0",
          "OmniSharp.Extensions.LanguageProtocol": "0.10.0"
        }
      },
      "ReflectionMagic": {
        "type": "Transitive",
        "resolved": "4.0.0",
        "contentHash": "n82HXRoSjJhOTF182JPrwJNntSXZeuOYKgZ+aZzWIqQy8ssZaeDJVarD+fqV1kEPlMUH0Ei7XkwiWV3VafEY3g==",
        "dependencies": {
          "System.Reflection": "4.3.0"
        }
      },
      "System.Buffers": {
        "type": "Transitive",
        "resolved": "4.4.0",
        "contentHash": "AwarXzzoDwX6BgrhjoJsk6tUezZEozOT5Y9QKF94Gl4JK91I4PIIBkBco9068Y9/Dra8Dkbie99kXB8+1BaYKw=="
      },
      "System.Collections": {
        "type": "Transitive",
        "resolved": "4.0.11-rc2-24027",
        "contentHash": "wi4oT2B06Ev7vDPeJki7HVJ3qPYJIilzf+p81JuNaBD9L2wi9Y2L5BsQ6ToncW+lYZafuMea/hiK1xX1Ge1VWQ=="
      },
      "System.ComponentModel.Annotations": {
        "type": "Transitive",
        "resolved": "4.5.0",
        "contentHash": "UxYQ3FGUOtzJ7LfSdnYSFd7+oEv6M8NgUatatIN2HxNtDdlcvFAf+VIq4Of9cDMJEJC0aSRv/x898RYhB4Yppg=="
      },
      "System.Console": {
        "type": "Transitive",
        "resolved": "4.0.0-rc2-24027",
        "contentHash": "ZkOW7ehVR6vnVTfttO0Z1uf3v7mT8cxQZbPHaGDyTt65qh4WzQOXgZYWqDNduyA1xWlvKh28XAhAkK0P39CcAA=="
      },
      "System.Diagnostics.Debug": {
        "type": "Transitive",
        "resolved": "4.0.11-rc2-24027",
        "contentHash": "k0ckwL97zqxiSjRpgmkjUoP51LvEzMshynNuNOyUsKLQTHVieTsrg2YiBnou0AsDnDk/maCmuPJvoJR0qIcOuQ=="
      },
      "System.Globalization": {
        "type": "Transitive",
        "resolved": "4.0.11-rc2-24027",
        "contentHash": "RDterYo6tAE2YslHrhvAdrAkTdhGkml7tg5JGX/XwgN2GGkB3NkiqigBSaUEV4S2ftCzCFDIhCxqQy57lAsEIA=="
      },
      "System.IO": {
        "type": "Transitive",
        "resolved": "4.1.0-rc2-24027",
        "contentHash": "VQRYN33mwALJ1UWfxxMqXzKCYUDNMUeU6j8YCxVcLCBx3Oa/l7i15NQv/OAebfOVSmBa3LmBTRP4rQqChrCbFg=="
      },
      "System.Linq": {
        "type": "Transitive",
        "resolved": "4.1.0-rc2-24027",
        "contentHash": "uf9wbc/YWrM4xa6g0T8n1XpY/zRcTHSPw+sCwkdrL2aJbYyLFKs1Yeg8M0zjMX4SwmiNeDiZR2gkAHAPsIfKCg=="
      },
      "System.Linq.Expressions": {
        "type": "Transitive",
        "resolved": "4.0.11-rc2-24027",
        "contentHash": "CfLNPBWzWdqfRGkdIXNWQ+2zSyaegOL4MAQSry0k6t8CQnPwJLywZLIZAV+cU47gi/7C2eM2I63r2eBZNJDovw=="
      },
      "System.Memory": {
        "type": "Transitive",
        "resolved": "4.5.1",
        "contentHash": "sDJYJpGtTgx+23Ayu5euxG5mAXWdkDb4+b0rD0Cab0M1oQS9H0HXGPriKcqpXuiJDTV7fTp/d+fMDJmnr6sNvA==",
        "dependencies": {
          "System.Buffers": "4.4.0",
          "System.Numerics.Vectors": "4.4.0",
          "System.Runtime.CompilerServices.Unsafe": "4.5.0"
        }
      },
      "System.Numerics.Vectors": {
        "type": "Transitive",
        "resolved": "4.4.0",
        "contentHash": "UiLzLW+Lw6HLed1Hcg+8jSRttrbuXv7DANVj0DkL9g6EnnzbL75EB7EWsw5uRbhxd/4YdG8li5XizGWepmG3PQ=="
      },
      "System.Reactive": {
        "type": "Transitive",
        "resolved": "4.0.0",
        "contentHash": "yaVAxT2Yl28p9+DupGwj2oPbIOYZUQimOQ+n7N7vML2oofIRj9BmcfD7DHc6FLrNah65EigOgG6U9VnwWEyz5g=="
      },
      "System.Reflection": {
        "type": "Transitive",
        "resolved": "4.3.0",
        "contentHash": "KMiAFoW7MfJGa9nDFNcfu+FpEdiHpWgTcS2HdMpDvt9saK3y/G4GwprPyzqjFH9NTaGPQeWNHU+iDlDILj96aQ=="
      },
      "System.Reflection.Extensions": {
        "type": "Transitive",
        "resolved": "4.0.1-rc2-24027",
        "contentHash": "5N1tt+n0OHyaZ3Wb73FIfNsRrkFDW1I2fuAzojudgcZ0XcAHqLE0Wb9/JQ2eG6Lp89l2qntx4HvXcIDjVwvYuw=="
      },
      "System.Reflection.TypeExtensions": {
        "type": "Transitive",
        "resolved": "4.1.0-rc2-24027",
        "contentHash": "1t2V/qaXZjJ2krlf97bGEcqiNjriHZQv5mx3Mez2PJ2+gqJbu0vPWCSNTN8Y+miCuRm+Pwx0ZFAoCQHkij2xcQ=="
      },
      "System.Resources.ResourceManager": {
        "type": "Transitive",
        "resolved": "4.0.1-rc2-24027",
        "contentHash": "WFDuYprqRWAVcQzArAqgabw9bbGPBaogBG17sGtZ5Iyb7ddOcIs89QYdcxdatPkSYOFNWydwSY2fyOjhIKMIcA=="
      },
      "System.Runtime": {
        "type": "Transitive",
        "resolved": "4.1.0-rc2-24027",
        "contentHash": "sDyyCeXycMSiNP4z1wyeyXlZSb26/OXIAwqnDsOAjw9PL3r8OgDRJgt4SH6Qid5z6E5IEGTKwjBjrHJGoa8bag=="
      },
      "System.Runtime.CompilerServices.Unsafe": {
        "type": "Transitive",
        "resolved": "4.5.1",
        "contentHash": "Zh8t8oqolRaFa9vmOZfdQm/qKejdqz0J9kr7o2Fu0vPeoH3BL1EOXipKWwkWtLT1JPzjByrF19fGuFlNbmPpiw=="
      },
      "System.Runtime.Extensions": {
        "type": "Transitive",
        "resolved": "4.1.0-rc2-24027",
        "contentHash": "rHmAgtQY8XlVd4tB/5ta8IzxAL9gpUlkTYQgUXDjdHux2MFmDSJv4vgm/atmwbKZcd0TnzjD2SYpnkWSqDWgFg=="
      },
      "darkid.papyrus.common": {
        "type": "Project",
        "dependencies": {
          "Microsoft.Extensions.DependencyInjection": "[2.2.0, )",
          "Microsoft.Extensions.DependencyInjection.Abstractions": "[2.2.0, )"
        }
      },
      "darkid.papyrus.languageservice.skyrim": {
        "type": "Project",
        "dependencies": {
          "DarkId.Papyrus.Common": "[1.0.0, )",
          "Lib.Harmony": "[1.2.0.1, )",
          "Microsoft.Extensions.Configuration": "[2.2.0, )",
          "Microsoft.Extensions.Configuration.Ini": "[2.2.0, )",
          "Microsoft.Extensions.DependencyInjection": "[2.2.0, )",
          "Microsoft.Extensions.DependencyInjection.Abstractions": "[2.2.0, )",
          "Microsoft.Extensions.Logging": "[2.2.0, )",
          "Microsoft.Extensions.Logging.Abstractions": "[2.2.0, )",
          "Microsoft.Extensions.Options.ConfigurationExtensions": "[2.2.0, )",
          "ReflectionMagic": "[4.0.0, )"
        }
      },
      "darkid.papyrus.server.skyrim": {
        "type": "Project",
        "dependencies": {
          "DarkId.Papyrus.LanguageService.Skyrim": "[1.0.0, )",
          "Microsoft.Extensions.DependencyInjection": "[2.2.0, )",
          "Microsoft.Extensions.DependencyInjection.Abstractions": "[2.2.0, )",
          "OmniSharp.Extensions.LanguageProtocol": "[0.10.0, )",
          "OmniSharp.Extensions.LanguageServer": "[0.10.0, )"
        }
      }
    },
    ".NETFramework,Version=v4.6.1/win7-x86": {}
  }
}