{
  "version": 1,
  "dependencies": {
    ".NETFramework,Version=v4.6.1": {
      "coverlet.msbuild": {
        "type": "Direct",
        "requested": "[2.5.0, )",
        "resolved": "2.5.0",
        "contentHash": "h8FU3sLfpf8YjkKq8ZqvLl41I11bv7mQnv6N+Idzu1IigluNQP42uBEnpO58BxCupMCgDdpj2RL+0BVgTcRwbw=="
      },
      "Microsoft.Extensions.DependencyInjection": {
        "type": "Direct",
        "requested": "[2.2.0, )",
        "resolved": "2.2.0",
        "contentHash": "MZtBIwfDFork5vfjpJdG5g8wuJFt7d/y3LOSVVtDK/76wlbtz6cjltfKHqLx2TKVqTj5/c41t77m1+h20zqtPA==",
        "dependencies": {
          "Microsoft.Extensions.DependencyInjection.Abstractions": "2.2.0"
        }
      },
      "Microsoft.Extensions.DependencyInjection.Abstractions": {
        "type": "Direct",
        "requested": "[2.2.0, )",
        "resolved": "2.2.0",
        "contentHash": "f9hstgjVmr6rmrfGSpfsVOl2irKAgr1QjrSi3FgnS7kulxband50f2brRLwySAQTADPZeTdow0mpSMcoAdadCw=="
      },
      "Microsoft.NET.Test.Sdk": {
        "type": "Direct",
        "requested": "[15.9.0, )",
        "resolved": "15.9.0",
        "contentHash": "sGDhl1lTcyC4nbMA6vta+nADm50IEGnm9SW9+JNaie1zjtSmUdOPHu02+WK2SJND+3vbr9DWvgfi9qlSPfUAyw==",
        "dependencies": {
          "Microsoft.CodeCoverage": "15.9.0"
        }
      },
      "Microsoft.NETFramework.ReferenceAssemblies": {
        "type": "Direct",
        "requested": "[1.0.2, )",
        "resolved": "1.0.2",
        "contentHash": "5/cSEVld+px/CuRrbohO/djfg6++eR6zGpy88MgqloXvkj//WXWpFZyu/OpkXPN0u5m+dN/EVwLNYFUxD4h2+A==",
        "dependencies": {
          "Microsoft.NETFramework.ReferenceAssemblies.net461": "1.0.2"
        }
      },
      "Microsoft.TestPlatform": {
        "type": "Direct",
        "requested": "[15.9.0, )",
        "resolved": "15.9.0",
        "contentHash": "zWG0yKs4/gAfeqzQIZCtn60BrvATHO88avlyWp+K/nrL1aKCbDd7SZyeo83Km+faq+xRXlCmlmCxvvYWg3RlnA=="
      },
      "MSTest.TestAdapter": {
        "type": "Direct",
        "requested": "[1.4.0, )",
        "resolved": "1.4.0",
        "contentHash": "t2/rL9DG+cVAgPs98OGm2sbZ4FTgn+MGEan5P9NRAgqMV3+nYRKG7/5R0jY7lBMq9ISms+84MSqTHWs6QnPt4A=="
      },
      "MSTest.TestFramework": {
        "type": "Direct",
        "requested": "[1.4.0, )",
        "resolved": "1.4.0",
        "contentHash": "kV/yZ0XLiOElsVeLT0GnNrsoKcPvVNOP6Cv2zkAiceJY0rpro0L+3t54bRApLwTg1mxlo4rLziBG7X6X69KcrQ=="
      },
      "Lib.Harmony": {
        "type": "Transitive",
        "resolved": "1.2.0.1",
        "contentHash": "UwBpaXvFMnZYN6X52QEnU7Domj2QMOGIxYQO4jqNUYAkEKgD3c9dJv+KYVlHKNI2BePFYjnIhmkVCv5+2cOFnA=="
      },
      "Microsoft.CodeCoverage": {
        "type": "Transitive",
        "resolved": "15.9.0",
        "contentHash": "oherNadUtHKqFQbtdRKXgPvZVWyGkOeS83pFWT864587npS7JIFWIJ/LJV0c25cWNkCytn2S9XGSSkKscnNFAQ=="
      },
      "Microsoft.Extensions.Configuration": {
        "type": "Transitive",
        "resolved": "2.2.0",
        "contentHash": "nOP8R1mVb/6mZtm2qgAJXn/LFm/2kMjHDAg/QJLFG6CuWYJtaD3p1BwQhufBVvRzL9ceJ/xF0SQ0qsI2GkDQAA==",
        "dependencies": {
          "Microsoft.Extensions.Configuration.Abstractions": "2.2.0"
        }
      },
      "Microsoft.Extensions.Configuration.Abstractions": {
        "type": "Transitive",
        "resolved": "2.2.0",
        "contentHash": "65MrmXCziWaQFrI0UHkQbesrX5wTwf9XPjY5yFm/VkgJKFJ5gqvXRoXjIZcf2wLi5ZlwGz/oMYfyURVCWbM5iw==",
        "dependencies": {
          "Microsoft.Extensions.Primitives": "2.2.0"
        }
      },
      "Microsoft.Extensions.Configuration.Binder": {
        "type": "Transitive",
        "resolved": "2.2.0",
        "contentHash": "vJ9xvOZCnUAIHcGC3SU35r3HKmHTVIeHzo6u/qzlHAqD8m6xv92MLin4oJntTvkpKxVX3vI1GFFkIQtU3AdlsQ==",
        "dependencies": {
          "Microsoft.Extensions.Configuration": "2.2.0"
        }
      },
      "Microsoft.Extensions.Configuration.FileExtensions": {
        "type": "Transitive",
        "resolved": "2.2.0",
        "contentHash": "H1qCpWBC8Ed4tguTR/qYkbb3F6DI5Su3t8xyFo3/5MzAd8PwPpHzgX8X04KbBxKmk173Pb64x7xMHarczVFQUA==",
        "dependencies": {
          "Microsoft.Extensions.Configuration": "2.2.0",
          "Microsoft.Extensions.FileProviders.Physical": "2.2.0"
        }
      },
      "Microsoft.Extensions.Configuration.Ini": {
        "type": "Transitive",
        "resolved": "2.2.0",
        "contentHash": "uEDasBxY7m0GJseqHD8QhfiznxDMhxN9YE3j01Es6eks42rRm3yL8ZMbRxuEjyKqGZqjjt+Vr297/nKcg0eOow==",
        "dependencies": {
          "Microsoft.Extensions.Configuration": "2.2.0",
          "Microsoft.Extensions.Configuration.FileExtensions": "2.2.0"
        }
      },
      "Microsoft.Extensions.FileProviders.Abstractions": {
        "type": "Transitive",
        "resolved": "2.2.0",
        "contentHash": "EcnaSsPTqx2MGnHrmWOD0ugbuuqVT8iICqSqPzi45V5/MA1LjUNb0kwgcxBGqizV1R+WeBK7/Gw25Jzkyk9bIw==",
        "dependencies": {
          "Microsoft.Extensions.Primitives": "2.2.0"
        }
      },
      "Microsoft.Extensions.FileProviders.Physical": {
        "type": "Transitive",
        "resolved": "2.2.0",
        "contentHash": "tbDHZnBJkjYd9NjlRZ9ondDiv1Te3KYCTW2RWpR1B0e1Z8+EnFRo7qNnHkkSCixLdlPZzhjlX24d/PixQ7w2dA==",
        "dependencies": {
          "Microsoft.Extensions.FileProviders.Abstractions": "2.2.0",
          "Microsoft.Extensions.FileSystemGlobbing": "2.2.0"
        }
      },
      "Microsoft.Extensions.FileSystemGlobbing": {
        "type": "Transitive",
        "resolved": "2.2.0",
        "contentHash": "ZSsHZp3PyW6vk37tDEdypjgGlNtpJ0EixBMOfUod2Thx7GtwfFSAQXUQx8a8BN8vfWKGGMbp7jPWdoHx/At4wQ=="
      },
      "Microsoft.Extensions.Logging": {
        "type": "Transitive",
        "resolved": "2.2.0",
        "contentHash": "Nxqhadc9FCmFHzU+fz3oc8sFlE6IadViYg8dfUdGzJZ2JUxnCsRghBhhOWdM4B2zSZqEc+0BjliBh/oNdRZuig==",
        "dependencies": {
          "Microsoft.Extensions.Configuration.Binder": "2.2.0",
          "Microsoft.Extensions.DependencyInjection.Abstractions": "2.2.0",
          "Microsoft.Extensions.Logging.Abstractions": "2.2.0",
          "Microsoft.Extensions.Options": "2.2.0"
        }
      },
      "Microsoft.Extensions.Logging.Abstractions": {
        "type": "Transitive",
        "resolved": "2.2.0",
        "contentHash": "B2WqEox8o+4KUOpL7rZPyh6qYjik8tHi2tN8Z9jZkHzED8ElYgZa/h6K+xliB435SqUcWT290Fr2aa8BtZjn8A=="
      },
      "Microsoft.Extensions.Options": {
        "type": "Transitive",
        "resolved": "2.2.0",
        "contentHash": "UpZLNLBpIZ0GTebShui7xXYh6DmBHjWM8NxGxZbdQh/bPZ5e6YswqI+bru6BnEL5eWiOdodsXtEz3FROcgi/qg==",
        "dependencies": {
          "Microsoft.Extensions.DependencyInjection.Abstractions": "2.2.0",
          "Microsoft.Extensions.Primitives": "2.2.0",
          "System.ComponentModel.Annotations": "4.5.0"
        }
      },
      "Microsoft.Extensions.Options.ConfigurationExtensions": {
        "type": "Transitive",
        "resolved": "2.2.0",
        "contentHash": "d4WS6yVXaw43ffiUnHj8oG1t2B6RbDDiQcgdA+Eq//NlPa3Wd+GTJFKj4OM4eDF3GjVumGr/CEVRS/jcYoF5LA==",
        "dependencies": {
          "Microsoft.Extensions.Configuration.Abstractions": "2.2.0",
          "Microsoft.Extensions.Configuration.Binder": "2.2.0",
          "Microsoft.Extensions.DependencyInjection.Abstractions": "2.2.0",
          "Microsoft.Extensions.Options": "2.2.0"
        }
      },
      "Microsoft.Extensions.Primitives": {
        "type": "Transitive",
        "resolved": "2.2.0",
        "contentHash": "azyQtqbm4fSaDzZHD/J+V6oWMFaf2tWP4WEGIYePLCMw3+b2RQdj9ybgbQyjCshcitQKQ4lEDOZjmSlTTrHxUg==",
        "dependencies": {
          "System.Memory": "4.5.1",
          "System.Runtime.CompilerServices.Unsafe": "4.5.1"
        }
      },
      "Microsoft.NETFramework.ReferenceAssemblies.net461": {
        "type": "Transitive",
        "resolved": "1.0.2",
        "contentHash": "8shzGaD5pZi4npuJYCM3de6pl0zlefcbyTIvXIiCdsTqauZ7lAhdaJVtJSqlhYid9VosFAOygBykoJ1SEOlGWA=="
      },
      "ReflectionMagic": {
        "type": "Transitive",
        "resolved": "4.0.0",
        "contentHash": "n82HXRoSjJhOTF182JPrwJNntSXZeuOYKgZ+aZzWIqQy8ssZaeDJVarD+fqV1kEPlMUH0Ei7XkwiWV3VafEY3g==",
        "dependencies": {
          "System.Reflection": "4.3.0"
        }
      },
      "System.Buffers": {
        "type": "Transitive",
        "resolved": "4.4.0",
        "contentHash": "AwarXzzoDwX6BgrhjoJsk6tUezZEozOT5Y9QKF94Gl4JK91I4PIIBkBco9068Y9/Dra8Dkbie99kXB8+1BaYKw=="
      },
      "System.ComponentModel.Annotations": {
        "type": "Transitive",
        "resolved": "4.5.0",
        "contentHash": "UxYQ3FGUOtzJ7LfSdnYSFd7+oEv6M8NgUatatIN2HxNtDdlcvFAf+VIq4Of9cDMJEJC0aSRv/x898RYhB4Yppg=="
      },
      "System.Memory": {
        "type": "Transitive",
        "resolved": "4.5.1",
        "contentHash": "sDJYJpGtTgx+23Ayu5euxG5mAXWdkDb4+b0rD0Cab0M1oQS9H0HXGPriKcqpXuiJDTV7fTp/d+fMDJmnr6sNvA==",
        "dependencies": {
          "System.Buffers": "4.4.0",
          "System.Numerics.Vectors": "4.4.0",
          "System.Runtime.CompilerServices.Unsafe": "4.5.0"
        }
      },
      "System.Numerics.Vectors": {
        "type": "Transitive",
        "resolved": "4.4.0",
        "contentHash": "UiLzLW+Lw6HLed1Hcg+8jSRttrbuXv7DANVj0DkL9g6EnnzbL75EB7EWsw5uRbhxd/4YdG8li5XizGWepmG3PQ=="
      },
      "System.Reflection": {
        "type": "Transitive",
        "resolved": "4.3.0",
        "contentHash": "KMiAFoW7MfJGa9nDFNcfu+FpEdiHpWgTcS2HdMpDvt9saK3y/G4GwprPyzqjFH9NTaGPQeWNHU+iDlDILj96aQ=="
      },
      "System.Runtime.CompilerServices.Unsafe": {
        "type": "Transitive",
        "resolved": "4.5.1",
        "contentHash": "Zh8t8oqolRaFa9vmOZfdQm/qKejdqz0J9kr7o2Fu0vPeoH3BL1EOXipKWwkWtLT1JPzjByrF19fGuFlNbmPpiw=="
      },
      "darkid.papyrus.common": {
        "type": "Project",
        "dependencies": {
          "Microsoft.Extensions.DependencyInjection": "[2.2.0, )",
          "Microsoft.Extensions.DependencyInjection.Abstractions": "[2.2.0, )"
        }
      },
      "darkid.papyrus.languageservice.fallout4": {
        "type": "Project",
        "dependencies": {
          "DarkId.Papyrus.Common": "[1.0.0, )",
          "Lib.Harmony": "[1.2.0.1, )",
          "Microsoft.Extensions.Configuration": "[2.2.0, )",
          "Microsoft.Extensions.Configuration.Ini": "[2.2.0, )",
          "Microsoft.Extensions.DependencyInjection": "[2.2.0, )",
          "Microsoft.Extensions.DependencyInjection.Abstractions": "[2.2.0, )",
          "Microsoft.Extensions.Logging": "[2.2.0, )",
          "Microsoft.Extensions.Logging.Abstractions": "[2.2.0, )",
          "Microsoft.Extensions.Options.ConfigurationExtensions": "[2.2.0, )",
          "ReflectionMagic": "[4.0.0, )"
        }
      }
    }
  }
}