<?xml version="1.0" encoding="utf-8"?>
<Project ToolsVersion="4.0" xmlns="http://schemas.microsoft.com/developer/msbuild/2003">
  <ItemGroup>
    <Filter Include="Protocol">
      <UniqueIdentifier>{9e986540-246c-4e15-958c-7bb549b5f3b9}</UniqueIdentifier>
    </Filter>
    <Filter Include="State">
      <UniqueIdentifier>{02bc61c1-7d7e-4690-b52c-c752888ad94e}</UniqueIdentifier>
    </Filter>
  </ItemGroup>
  <ItemGroup>
    <ClCompile Include="ArrayStateNode.cpp">
      <Filter>State</Filter>
    </ClCompile>
    <ClCompile Include="LocalScopeStateNode.cpp">
      <Filter>State</Filter>
    </ClCompile>
    <ClCompile Include="StackFrameStateNode.cpp">
      <Filter>State</Filter>
    </ClCompile>
    <ClCompile Include="StackStateNode.cpp">
      <Filter>State</Filter>
    </ClCompile>
    <ClCompile Include="StateNodeBase.cpp">
      <Filter>State</Filter>
    </ClCompile>
    <ClCompile Include="ValueStateNode.cpp">
      <Filter>State</Filter>
    </ClCompile>
    <ClCompile Include="RuntimeState.cpp">
      <Filter>State</Filter>
    </ClCompile>
    <ClCompile Include="ObjectStateNode.cpp">
      <Filter>State</Filter>
    </ClCompile>
    <ClCompile Include="MetaNode.cpp">
      <Filter>State</Filter>
    </ClCompile>
    <ClCompile Include="FormTypeMacros.cpp">
      <Filter>State</Filter>
    </ClCompile>
    <ClCompile Include="Protocol\struct_extensions.cpp">
      <Filter>Protocol</Filter>
    </ClCompile>
    <ClCompile Include="Protocol\websocket_reader_writer.cpp">
      <Filter>Protocol</Filter>
    </ClCompile>
    <ClCompile Include="Protocol\websocket_server.cpp">
      <Filter>Protocol</Filter>
    </ClCompile>
    <ClCompile Include="BreakpointManager.cpp" />
    <ClCompile Include="DebugExecutionManager.cpp" />
    <ClCompile Include="DebugServer.cpp" />
    <ClCompile Include="GameInterfaces.cpp" />
    <ClCompile Include="IdHandleBase.cpp" />
    <ClCompile Include="IdMap.cpp" />
    <ClCompile Include="IdProvider.cpp" />
    <ClCompile Include="main.cpp" />
    <ClCompile Include="PapyrusDebugger.cpp" />
    <ClCompile Include="pdsPCH.cpp" />
    <ClCompile Include="Pex.cpp" />
    <ClCompile Include="PexCache.cpp" />
    <ClCompile Include="RuntimeEvents.cpp" />
    <ClCompile Include="StructStateNode.cpp" />
    <ClCompile Include="Window.cpp" />
  </ItemGroup>
  <ItemGroup>
    <ClInclude Include="ArrayStateNode.h">
      <Filter>State</Filter>
    </ClInclude>
    <ClInclude Include="LocalScopeStateNode.h">
      <Filter>State</Filter>
    </ClInclude>
    <ClInclude Include="StackFrameStateNode.h">
      <Filter>State</Filter>
    </ClInclude>
    <ClInclude Include="StackStateNode.h">
      <Filter>State</Filter>
    </ClInclude>
    <ClInclude Include="StateNodeBase.h">
      <Filter>State</Filter>
    </ClInclude>
    <ClInclude Include="ValueStateNode.h">
      <Filter>State</Filter>
    </ClInclude>
    <ClInclude Include="RuntimeState.h">
      <Filter>State</Filter>
    </ClInclude>
    <ClInclude Include="ObjectStateNode.h">
      <Filter>State</Filter>
    </ClInclude>
    <ClInclude Include="FormMetadata.h">
      <Filter>State</Filter>
    </ClInclude>
    <ClInclude Include="MetaNode.h">
      <Filter>State</Filter>
    </ClInclude>
    <ClInclude Include="FormTypeMacros.h">
      <Filter>State</Filter>
    </ClInclude>
    <ClInclude Include="protocol\debugger.h">
      <Filter>Protocol</Filter>
    </ClInclude>
    <ClInclude Include="Protocol\struct_extensions.h">
      <Filter>Protocol</Filter>
    </ClInclude>
    <ClInclude Include="Protocol\websocket_impl.h">
      <Filter>Protocol</Filter>
    </ClInclude>
    <ClInclude Include="Protocol\websocket_reader_writer.h">
      <Filter>Protocol</Filter>
    </ClInclude>
    <ClInclude Include="Protocol\websocket_server.h">
      <Filter>Protocol</Filter>
    </ClInclude>
    <ClInclude Include="BreakpointManager.h" />
    <ClInclude Include="DebugExecutionManager.h" />
    <ClInclude Include="DebugServer.h" />
    <ClInclude Include="GameInterfaces.h" />
    <ClInclude Include="IdHandleBase.h" />
    <ClInclude Include="IdMap.h" />
    <ClInclude Include="IdProvider.h" />
    <ClInclude Include="PapyrusDebugger.h" />
    <ClInclude Include="pdsPCH.h" />
    <ClInclude Include="Pex.h" />
    <ClInclude Include="PexCache.h" />
    <ClInclude Include="RuntimeEvents.h" />
    <ClInclude Include="StructStateNode.h" />
    <ClInclude Include="Utilities.h" />
    <ClInclude Include="version.h" />
    <ClInclude Include="ConfigHooks.h" />
    <ClInclude Include="Window.h" />
  </ItemGroup>
  <ItemGroup>
    <ResourceCompile Include="version.rc" />
  </ItemGroup>
</Project>